
Microsoft Visual Studio Solution File, Format Version 12.00
# Visual Studio 15
Project("{FAE04EC0-301F-11D3-BF4B-00C04F79EFBC}") = "TestStrykerApp", "TestStrykerApp\TestStrykerApp.csproj", "{496CD95D-C59C-49A8-B05E-97FDE39AE8E3}"
EndProject
Global
	GlobalSection(SolutionConfigurationPlatforms) = preSolution
		Debug|Any CPU = Debug|Any CPU
		Release|Any CPU = Release|Any CPU
	EndGlobalSection
	GlobalSection(ProjectConfigurationPlatforms) = postSolution
		{496CD95D-C59C-49A8-B05E-97FDE39AE8E3}.Debug|Any CPU.ActiveCfg = Debug|Any CPU
		{496CD95D-C59C-49A8-B05E-97FDE39AE8E3}.Debug|Any CPU.Build.0 = Debug|Any CPU
		{496CD95D-C59C-49A8-B05E-97FDE39AE8E3}.Release|Any CPU.ActiveCfg = Release|Any CPU
		{496CD95D-C59C-49A8-B05E-97FDE39AE8E3}.Release|Any CPU.Build.0 = Release|Any CPU
		{08EA8EAB-A30E-458D-A307-52999C94BF31}.Debug|Any CPU.ActiveCfg = Debug|Any CPU
		{08EA8EAB-A30E-458D-A307-52999C94BF31}.Debug|Any CPU.Build.0 = Debug|Any CPU
		{08EA8EAB-A30E-458D-A307-52999C94BF31}.Release|Any CPU.ActiveCfg = Release|Any CPU
		{08EA8EAB-A30E-458D-A307-52999C94BF31}.Release|Any CPU.Build.0 = Release|Any CPU
	EndGlobalSection
EndGlobal
